
Microsoft Visual Studio Solution File, Format Version 12.00
# Visual Studio Version 16
VisualStudioVersion = 16.0.29503.13
MinimumVisualStudioVersion = 10.0.40219.1
Project("{2150E333-8FDC-42A3-9474-1A3956D46DE8}") = ".nuget", ".nuget", "{E98978D0-ED62-408F-8A36-324B55EE44FC}"
	ProjectSection(SolutionItems) = preProject
		.nuget\NuGet.Config = .nuget\NuGet.Config
		.nuget\NuGet.exe = .nuget\NuGet.exe
		.nuget\NuGet.targets = .nuget\NuGet.targets
	EndProjectSection
EndProject
Project("{FAE04EC0-301F-11D3-BF4B-00C04F79EFBC}") = "FamilyBudget.Www", "FamilyBudget.Www\FamilyBudget.Www.csproj", "{8651AA17-B872-48BF-97D1-C8C03511C29B}"
EndProject
Project("{FAE04EC0-301F-11D3-BF4B-00C04F79EFBC}") = "FamilyBudget.v3", "FamilyBudget.v3\FamilyBudget.v3.csproj", "{7C239CBA-63D4-449D-9B39-AFE4996E8524}"
EndProject
Global
	GlobalSection(SolutionConfigurationPlatforms) = preSolution
		Debug|Any CPU = Debug|Any CPU
		Release|Any CPU = Release|Any CPU
	EndGlobalSection
	GlobalSection(ProjectConfigurationPlatforms) = postSolution
		{8651AA17-B872-48BF-97D1-C8C03511C29B}.Debug|Any CPU.ActiveCfg = Debug|Any CPU
		{8651AA17-B872-48BF-97D1-C8C03511C29B}.Debug|Any CPU.Build.0 = Debug|Any CPU
		{8651AA17-B872-48BF-97D1-C8C03511C29B}.Release|Any CPU.ActiveCfg = Release|Any CPU
		{8651AA17-B872-48BF-97D1-C8C03511C29B}.Release|Any CPU.Build.0 = Release|Any CPU
		{7C239CBA-63D4-449D-9B39-AFE4996E8524}.Debug|Any CPU.ActiveCfg = Debug|Any CPU
		{7C239CBA-63D4-449D-9B39-AFE4996E8524}.Debug|Any CPU.Build.0 = Debug|Any CPU
		{7C239CBA-63D4-449D-9B39-AFE4996E8524}.Release|Any CPU.ActiveCfg = Release|Any CPU
		{7C239CBA-63D4-449D-9B39-AFE4996E8524}.Release|Any CPU.Build.0 = Release|Any CPU
	EndGlobalSection
	GlobalSection(SolutionProperties) = preSolution
		HideSolutionNode = FALSE
	EndGlobalSection
	GlobalSection(ExtensibilityGlobals) = postSolution
		SolutionGuid = {915D8892-4559-4936-A7BA-C37454EFB388}
		EnterpriseLibraryConfigurationToolBinariesPath = packages\Unity.2.1.505.0\lib\NET35;packages\Unity.Interception.2.1.505.0\lib\NET35;packages\EnterpriseLibrary.Common.5.0.505.0\lib\NET35;packages\Unity.Interception.2.1.505.2\lib\NET35
	EndGlobalSection
EndGlobal
