
Microsoft Visual Studio Solution File, Format Version 12.00
# Visual Studio 2013
VisualStudioVersion = 12.0.40629.0
MinimumVisualStudioVersion = 10.0.40219.1
Project("{FAE04EC0-301F-11D3-BF4B-00C04F79EFBC}") = "FamilyBudget.Www", "FamilyBudget.Www\FamilyBudget.Www.csproj", "{8651AA17-B872-48BF-97D1-C8C03511C29B}"
EndProject
Project("{2150E333-8FDC-42A3-9474-1A3956D46DE8}") = ".nuget", ".nuget", "{E98978D0-ED62-408F-8A36-324B55EE44FC}"
	ProjectSection(SolutionItems) = preProject
		.nuget\NuGet.Config = .nuget\NuGet.Config
		.nuget\NuGet.exe = .nuget\NuGet.exe
		.nuget\NuGet.targets = .nuget\NuGet.targets
	EndProjectSection
EndProject
Project("{E24C65DC-7377-472B-9ABA-BC803B73C61A}") = "fallone", "http://localhost:32370", "{E6258099-B123-4700-A228-D65FB4118989}"
	ProjectSection(WebsiteProperties) = preProject
		UseIISExpress = "true"
		TargetFrameworkMoniker = ".NETFramework,Version%3Dv4.0"
		Debug.AspNetCompiler.VirtualPath = "/localhost_32370"
		Debug.AspNetCompiler.PhysicalPath = "..\..\..\Users\Artem\Desktop\fallone\"
		Debug.AspNetCompiler.TargetPath = "PrecompiledWeb\localhost_32370\"
		Debug.AspNetCompiler.Updateable = "true"
		Debug.AspNetCompiler.ForceOverwrite = "true"
		Debug.AspNetCompiler.FixedNames = "false"
		Debug.AspNetCompiler.Debug = "True"
		Release.AspNetCompiler.VirtualPath = "/localhost_32370"
		Release.AspNetCompiler.PhysicalPath = "..\..\..\Users\Artem\Desktop\fallone\"
		Release.AspNetCompiler.TargetPath = "PrecompiledWeb\localhost_32370\"
		Release.AspNetCompiler.Updateable = "true"
		Release.AspNetCompiler.ForceOverwrite = "true"
		Release.AspNetCompiler.FixedNames = "false"
		Release.AspNetCompiler.Debug = "False"
		SlnRelativePath = "..\..\..\Users\Artem\Desktop\fallone\"
	EndProjectSection
EndProject
Global
	GlobalSection(SolutionConfigurationPlatforms) = preSolution
		Debug|Any CPU = Debug|Any CPU
		Release|Any CPU = Release|Any CPU
	EndGlobalSection
	GlobalSection(ProjectConfigurationPlatforms) = postSolution
		{8651AA17-B872-48BF-97D1-C8C03511C29B}.Debug|Any CPU.ActiveCfg = Debug|Any CPU
		{8651AA17-B872-48BF-97D1-C8C03511C29B}.Debug|Any CPU.Build.0 = Debug|Any CPU
		{8651AA17-B872-48BF-97D1-C8C03511C29B}.Release|Any CPU.ActiveCfg = Release|Any CPU
		{8651AA17-B872-48BF-97D1-C8C03511C29B}.Release|Any CPU.Build.0 = Release|Any CPU
		{E6258099-B123-4700-A228-D65FB4118989}.Debug|Any CPU.ActiveCfg = Debug|Any CPU
		{E6258099-B123-4700-A228-D65FB4118989}.Debug|Any CPU.Build.0 = Debug|Any CPU
		{E6258099-B123-4700-A228-D65FB4118989}.Release|Any CPU.ActiveCfg = Debug|Any CPU
		{E6258099-B123-4700-A228-D65FB4118989}.Release|Any CPU.Build.0 = Debug|Any CPU
	EndGlobalSection
	GlobalSection(SolutionProperties) = preSolution
		HideSolutionNode = FALSE
	EndGlobalSection
	GlobalSection(ExtensibilityGlobals) = postSolution
		EnterpriseLibraryConfigurationToolBinariesPath = packages\Unity.2.1.505.0\lib\NET35;packages\Unity.Interception.2.1.505.0\lib\NET35;packages\EnterpriseLibrary.Common.5.0.505.0\lib\NET35
	EndGlobalSection
EndGlobal
